
Microsoft Visual Studio Solution File, Format Version 12.00
# Visual Studio Version 16
VisualStudioVersion = 16.0.31624.102
MinimumVisualStudioVersion = 10.0.40219.1
Project("{FAE04EC0-301F-11D3-BF4B-00C04F79EFBC}") = "ExamOnline", "ExamOnline.csproj", "{EBFDA1EF-2E44-41A2-A3BA-7D5083AF877E}"
EndProject
Global
	GlobalSection(SolutionConfigurationPlatforms) = preSolution
		Debug|Any CPU = Debug|Any CPU
		Release|Any CPU = Release|Any CPU
	EndGlobalSection
	GlobalSection(ProjectConfigurationPlatforms) = postSolution
		{EBFDA1EF-2E44-41A2-A3BA-7D5083AF877E}.Debug|Any CPU.ActiveCfg = Debug|Any CPU
		{EBFDA1EF-2E44-41A2-A3BA-7D5083AF877E}.Debug|Any CPU.Build.0 = Debug|Any CPU
		{EBFDA1EF-2E44-41A2-A3BA-7D5083AF877E}.Release|Any CPU.ActiveCfg = Release|Any CPU
		{EBFDA1EF-2E44-41A2-A3BA-7D5083AF877E}.Release|Any CPU.Build.0 = Release|Any CPU
	EndGlobalSection
	GlobalSection(SolutionProperties) = preSolution
		HideSolutionNode = FALSE
	EndGlobalSection
	GlobalSection(ExtensibilityGlobals) = postSolution
		SolutionGuid = {10C61262-A984-495B-9EA5-FC4E68D22217}
	EndGlobalSection
EndGlobal
